
Microsoft Visual Studio Solution File, Format Version 12.00
# Visual Studio 15
VisualStudioVersion = 15.0.27130.2027
MinimumVisualStudioVersion = 10.0.40219.1
Project("{9A19103F-16F7-4668-BE54-9A1E7A4F7556}") = "Codelyn", "Codelyn\Codelyn\Codelyn.csproj", "{9A9BC72C-575F-4263-86F1-3F37AA05DB22}"
EndProject
Project("{9A19103F-16F7-4668-BE54-9A1E7A4F7556}") = "Codelyn.Test", "Codelyn\Codelyn.Test\Codelyn.Test.csproj", "{547D53B3-0DCE-409C-8A33-527053FF0E06}"
EndProject
Project("{FAE04EC0-301F-11D3-BF4B-00C04F79EFBC}") = "Codelyn.Vsix", "Codelyn\Codelyn.Vsix\Codelyn.Vsix.csproj", "{6C851334-CE4D-4D84-9F1C-F641B1597092}"
EndProject
Project("{FAE04EC0-301F-11D3-BF4B-00C04F79EFBC}") = "Codelyn.Console", "Codelyn.Console\Codelyn.Console.csproj", "{280158B0-3C01-4264-91C5-7414C365032D}"
EndProject
Global
	GlobalSection(SolutionConfigurationPlatforms) = preSolution
		Debug|Any CPU = Debug|Any CPU
		Release|Any CPU = Release|Any CPU
	EndGlobalSection
	GlobalSection(ProjectConfigurationPlatforms) = postSolution
		{9A9BC72C-575F-4263-86F1-3F37AA05DB22}.Debug|Any CPU.ActiveCfg = Debug|Any CPU
		{9A9BC72C-575F-4263-86F1-3F37AA05DB22}.Debug|Any CPU.Build.0 = Debug|Any CPU
		{9A9BC72C-575F-4263-86F1-3F37AA05DB22}.Release|Any CPU.ActiveCfg = Release|Any CPU
		{9A9BC72C-575F-4263-86F1-3F37AA05DB22}.Release|Any CPU.Build.0 = Release|Any CPU
		{547D53B3-0DCE-409C-8A33-527053FF0E06}.Debug|Any CPU.ActiveCfg = Debug|Any CPU
		{547D53B3-0DCE-409C-8A33-527053FF0E06}.Debug|Any CPU.Build.0 = Debug|Any CPU
		{547D53B3-0DCE-409C-8A33-527053FF0E06}.Release|Any CPU.ActiveCfg = Release|Any CPU
		{547D53B3-0DCE-409C-8A33-527053FF0E06}.Release|Any CPU.Build.0 = Release|Any CPU
		{6C851334-CE4D-4D84-9F1C-F641B1597092}.Debug|Any CPU.ActiveCfg = Debug|Any CPU
		{6C851334-CE4D-4D84-9F1C-F641B1597092}.Debug|Any CPU.Build.0 = Debug|Any CPU
		{6C851334-CE4D-4D84-9F1C-F641B1597092}.Release|Any CPU.ActiveCfg = Release|Any CPU
		{6C851334-CE4D-4D84-9F1C-F641B1597092}.Release|Any CPU.Build.0 = Release|Any CPU
		{280158B0-3C01-4264-91C5-7414C365032D}.Debug|Any CPU.ActiveCfg = Debug|Any CPU
		{280158B0-3C01-4264-91C5-7414C365032D}.Debug|Any CPU.Build.0 = Debug|Any CPU
		{280158B0-3C01-4264-91C5-7414C365032D}.Release|Any CPU.ActiveCfg = Release|Any CPU
		{280158B0-3C01-4264-91C5-7414C365032D}.Release|Any CPU.Build.0 = Release|Any CPU
	EndGlobalSection
	GlobalSection(SolutionProperties) = preSolution
		HideSolutionNode = FALSE
	EndGlobalSection
	GlobalSection(ExtensibilityGlobals) = postSolution
		SolutionGuid = {597EFC44-4EC4-4D53-9B90-23A47B667E9B}
	EndGlobalSection
EndGlobal
